<Solution>
  <Project Path="BuMatrixSecurityRoleAssigner.Core/BuMatrixSecurityRoleAssigner.Core.csproj" />
  <Project Path="BuMatrixSecurityRoleAssigner/BuMatrixSecurityRoleAssigner.csproj" />
  <Project Path="BuMatrixSecurityRoleAssigner.Core.Tests/BuMatrixSecurityRoleAssigner.Core.Tests.csproj" />
</Solution>
